
Microsoft Visual Studio Solution File, Format Version 12.00
# Visual Studio Version 17
VisualStudioVersion = 17.0.31903.59
MinimumVisualStudioVersion = 10.0.40219.1
Project("{2150E333-8FDC-42A3-9474-1A3956D46DE8}") = "src", "src", "{827E0CD3-B72D-47B6-A68D-7590B98EB39B}"
EndProject
Project("{FAE04EC0-301F-11D3-BF4B-00C04F79EFBC}") = "Maestro.Domain", "src\Maestro.Domain\Maestro.Domain.csproj", "{5AC22F2F-9DC8-4C23-812B-B2D0B9A7A088}"
EndProject
Project("{FAE04EC0-301F-11D3-BF4B-00C04F79EFBC}") = "Maestro.Application", "src\Maestro.Application\Maestro.Application.csproj", "{FD26C0BB-EE77-4321-8618-501BF68E8A6D}"
EndProject
Project("{FAE04EC0-301F-11D3-BF4B-00C04F79EFBC}") = "Maestro.Infrastructure", "src\Maestro.Infrastructure\Maestro.Infrastructure.csproj", "{60E828B0-17FD-4111-8CE9-6034C7ABEED3}"
EndProject
Project("{FAE04EC0-301F-11D3-BF4B-00C04F79EFBC}") = "Maestro.Agents", "src\Maestro.Agents\Maestro.Agents.csproj", "{7F5924C3-ACBF-4782-86B0-C0029F594500}"
EndProject
Project("{FAE04EC0-301F-11D3-BF4B-00C04F79EFBC}") = "Maestro.Api", "src\Maestro.Api\Maestro.Api.csproj", "{A5BF8FAA-7DB1-4039-BFD2-6757373C1AC1}"
EndProject
Project("{2150E333-8FDC-42A3-9474-1A3956D46DE8}") = "tests", "tests", "{0AB3BF05-4346-4AA6-1389-037BE0695223}"
EndProject
Project("{FAE04EC0-301F-11D3-BF4B-00C04F79EFBC}") = "Maestro.Domain.Tests", "tests\Maestro.Domain.Tests\Maestro.Domain.Tests.csproj", "{202C096B-1871-4240-A295-9D5FC9F2AE01}"
EndProject
Project("{FAE04EC0-301F-11D3-BF4B-00C04F79EFBC}") = "Maestro.Application.Tests", "tests\Maestro.Application.Tests\Maestro.Application.Tests.csproj", "{D075B665-BF4F-47E4-8F60-B0B968DBB5B4}"
EndProject
Project("{FAE04EC0-301F-11D3-BF4B-00C04F79EFBC}") = "Maestro.Infrastructure.Tests", "tests\Maestro.Infrastructure.Tests\Maestro.Infrastructure.Tests.csproj", "{CD270BE9-A720-4DC8-A97E-BED0A226ABDB}"
EndProject
Project("{FAE04EC0-301F-11D3-BF4B-00C04F79EFBC}") = "Maestro.Api.Tests", "tests\Maestro.Api.Tests\Maestro.Api.Tests.csproj", "{9B714F54-5AB1-40C3-9626-5EB3967E21BF}"
EndProject
Project("{FAE04EC0-301F-11D3-BF4B-00C04F79EFBC}") = "Maestro.Agents.Tests", "tests\Maestro.Agents.Tests\Maestro.Agents.Tests.csproj", "{12CEE6FA-3005-4766-BC4C-9CAE3779E800}"
EndProject
Global
	GlobalSection(SolutionConfigurationPlatforms) = preSolution
		Debug|Any CPU = Debug|Any CPU
		Debug|x64 = Debug|x64
		Debug|x86 = Debug|x86
		Release|Any CPU = Release|Any CPU
		Release|x64 = Release|x64
		Release|x86 = Release|x86
	EndGlobalSection
	GlobalSection(ProjectConfigurationPlatforms) = postSolution
		{5AC22F2F-9DC8-4C23-812B-B2D0B9A7A088}.Debug|Any CPU.ActiveCfg = Debug|Any CPU
		{5AC22F2F-9DC8-4C23-812B-B2D0B9A7A088}.Debug|Any CPU.Build.0 = Debug|Any CPU
		{5AC22F2F-9DC8-4C23-812B-B2D0B9A7A088}.Debug|x64.ActiveCfg = Debug|Any CPU
		{5AC22F2F-9DC8-4C23-812B-B2D0B9A7A088}.Debug|x64.Build.0 = Debug|Any CPU
		{5AC22F2F-9DC8-4C23-812B-B2D0B9A7A088}.Debug|x86.ActiveCfg = Debug|Any CPU
		{5AC22F2F-9DC8-4C23-812B-B2D0B9A7A088}.Debug|x86.Build.0 = Debug|Any CPU
		{5AC22F2F-9DC8-4C23-812B-B2D0B9A7A088}.Release|Any CPU.ActiveCfg = Release|Any CPU
		{5AC22F2F-9DC8-4C23-812B-B2D0B9A7A088}.Release|Any CPU.Build.0 = Release|Any CPU
		{5AC22F2F-9DC8-4C23-812B-B2D0B9A7A088}.Release|x64.ActiveCfg = Release|Any CPU
		{5AC22F2F-9DC8-4C23-812B-B2D0B9A7A088}.Release|x64.Build.0 = Release|Any CPU
		{5AC22F2F-9DC8-4C23-812B-B2D0B9A7A088}.Release|x86.ActiveCfg = Release|Any CPU
		{5AC22F2F-9DC8-4C23-812B-B2D0B9A7A088}.Release|x86.Build.0 = Release|Any CPU
		{FD26C0BB-EE77-4321-8618-501BF68E8A6D}.Debug|Any CPU.ActiveCfg = Debug|Any CPU
		{FD26C0BB-EE77-4321-8618-501BF68E8A6D}.Debug|Any CPU.Build.0 = Debug|Any CPU
		{FD26C0BB-EE77-4321-8618-501BF68E8A6D}.Debug|x64.ActiveCfg = Debug|Any CPU
		{FD26C0BB-EE77-4321-8618-501BF68E8A6D}.Debug|x64.Build.0 = Debug|Any CPU
		{FD26C0BB-EE77-4321-8618-501BF68E8A6D}.Debug|x86.ActiveCfg = Debug|Any CPU
		{FD26C0BB-EE77-4321-8618-501BF68E8A6D}.Debug|x86.Build.0 = Debug|Any CPU
		{FD26C0BB-EE77-4321-8618-501BF68E8A6D}.Release|Any CPU.ActiveCfg = Release|Any CPU
		{FD26C0BB-EE77-4321-8618-501BF68E8A6D}.Release|Any CPU.Build.0 = Release|Any CPU
		{FD26C0BB-EE77-4321-8618-501BF68E8A6D}.Release|x64.ActiveCfg = Release|Any CPU
		{FD26C0BB-EE77-4321-8618-501BF68E8A6D}.Release|x64.Build.0 = Release|Any CPU
		{FD26C0BB-EE77-4321-8618-501BF68E8A6D}.Release|x86.ActiveCfg = Release|Any CPU
		{FD26C0BB-EE77-4321-8618-501BF68E8A6D}.Release|x86.Build.0 = Release|Any CPU
		{60E828B0-17FD-4111-8CE9-6034C7ABEED3}.Debug|Any CPU.ActiveCfg = Debug|Any CPU
		{60E828B0-17FD-4111-8CE9-6034C7ABEED3}.Debug|Any CPU.Build.0 = Debug|Any CPU
		{60E828B0-17FD-4111-8CE9-6034C7ABEED3}.Debug|x64.ActiveCfg = Debug|Any CPU
		{60E828B0-17FD-4111-8CE9-6034C7ABEED3}.Debug|x64.Build.0 = Debug|Any CPU
		{60E828B0-17FD-4111-8CE9-6034C7ABEED3}.Debug|x86.ActiveCfg = Debug|Any CPU
		{60E828B0-17FD-4111-8CE9-6034C7ABEED3}.Debug|x86.Build.0 = Debug|Any CPU
		{60E828B0-17FD-4111-8CE9-6034C7ABEED3}.Release|Any CPU.ActiveCfg = Release|Any CPU
		{60E828B0-17FD-4111-8CE9-6034C7ABEED3}.Release|Any CPU.Build.0 = Release|Any CPU
		{60E828B0-17FD-4111-8CE9-6034C7ABEED3}.Release|x64.ActiveCfg = Release|Any CPU
		{60E828B0-17FD-4111-8CE9-6034C7ABEED3}.Release|x64.Build.0 = Release|Any CPU
		{60E828B0-17FD-4111-8CE9-6034C7ABEED3}.Release|x86.ActiveCfg = Release|Any CPU
		{60E828B0-17FD-4111-8CE9-6034C7ABEED3}.Release|x86.Build.0 = Release|Any CPU
		{7F5924C3-ACBF-4782-86B0-C0029F594500}.Debug|Any CPU.ActiveCfg = Debug|Any CPU
		{7F5924C3-ACBF-4782-86B0-C0029F594500}.Debug|Any CPU.Build.0 = Debug|Any CPU
		{7F5924C3-ACBF-4782-86B0-C0029F594500}.Debug|x64.ActiveCfg = Debug|Any CPU
		{7F5924C3-ACBF-4782-86B0-C0029F594500}.Debug|x64.Build.0 = Debug|Any CPU
		{7F5924C3-ACBF-4782-86B0-C0029F594500}.Debug|x86.ActiveCfg = Debug|Any CPU
		{7F5924C3-ACBF-4782-86B0-C0029F594500}.Debug|x86.Build.0 = Debug|Any CPU
		{7F5924C3-ACBF-4782-86B0-C0029F594500}.Release|Any CPU.ActiveCfg = Release|Any CPU
		{7F5924C3-ACBF-4782-86B0-C0029F594500}.Release|Any CPU.Build.0 = Release|Any CPU
		{7F5924C3-ACBF-4782-86B0-C0029F594500}.Release|x64.ActiveCfg = Release|Any CPU
		{7F5924C3-ACBF-4782-86B0-C0029F594500}.Release|x64.Build.0 = Release|Any CPU
		{7F5924C3-ACBF-4782-86B0-C0029F594500}.Release|x86.ActiveCfg = Release|Any CPU
		{7F5924C3-ACBF-4782-86B0-C0029F594500}.Release|x86.Build.0 = Release|Any CPU
		{A5BF8FAA-7DB1-4039-BFD2-6757373C1AC1}.Debug|Any CPU.ActiveCfg = Debug|Any CPU
		{A5BF8FAA-7DB1-4039-BFD2-6757373C1AC1}.Debug|Any CPU.Build.0 = Debug|Any CPU
		{A5BF8FAA-7DB1-4039-BFD2-6757373C1AC1}.Debug|x64.ActiveCfg = Debug|Any CPU
		{A5BF8FAA-7DB1-4039-BFD2-6757373C1AC1}.Debug|x64.Build.0 = Debug|Any CPU
		{A5BF8FAA-7DB1-4039-BFD2-6757373C1AC1}.Debug|x86.ActiveCfg = Debug|Any CPU
		{A5BF8FAA-7DB1-4039-BFD2-6757373C1AC1}.Debug|x86.Build.0 = Debug|Any CPU
		{A5BF8FAA-7DB1-4039-BFD2-6757373C1AC1}.Release|Any CPU.ActiveCfg = Release|Any CPU
		{A5BF8FAA-7DB1-4039-BFD2-6757373C1AC1}.Release|Any CPU.Build.0 = Release|Any CPU
		{A5BF8FAA-7DB1-4039-BFD2-6757373C1AC1}.Release|x64.ActiveCfg = Release|Any CPU
		{A5BF8FAA-7DB1-4039-BFD2-6757373C1AC1}.Release|x64.Build.0 = Release|Any CPU
		{A5BF8FAA-7DB1-4039-BFD2-6757373C1AC1}.Release|x86.ActiveCfg = Release|Any CPU
		{A5BF8FAA-7DB1-4039-BFD2-6757373C1AC1}.Release|x86.Build.0 = Release|Any CPU
		{202C096B-1871-4240-A295-9D5FC9F2AE01}.Debug|Any CPU.ActiveCfg = Debug|Any CPU
		{202C096B-1871-4240-A295-9D5FC9F2AE01}.Debug|Any CPU.Build.0 = Debug|Any CPU
		{202C096B-1871-4240-A295-9D5FC9F2AE01}.Debug|x64.ActiveCfg = Debug|Any CPU
		{202C096B-1871-4240-A295-9D5FC9F2AE01}.Debug|x64.Build.0 = Debug|Any CPU
		{202C096B-1871-4240-A295-9D5FC9F2AE01}.Debug|x86.ActiveCfg = Debug|Any CPU
		{202C096B-1871-4240-A295-9D5FC9F2AE01}.Debug|x86.Build.0 = Debug|Any CPU
		{202C096B-1871-4240-A295-9D5FC9F2AE01}.Release|Any CPU.ActiveCfg = Release|Any CPU
		{202C096B-1871-4240-A295-9D5FC9F2AE01}.Release|Any CPU.Build.0 = Release|Any CPU
		{202C096B-1871-4240-A295-9D5FC9F2AE01}.Release|x64.ActiveCfg = Release|Any CPU
		{202C096B-1871-4240-A295-9D5FC9F2AE01}.Release|x64.Build.0 = Release|Any CPU
		{202C096B-1871-4240-A295-9D5FC9F2AE01}.Release|x86.ActiveCfg = Release|Any CPU
		{202C096B-1871-4240-A295-9D5FC9F2AE01}.Release|x86.Build.0 = Release|Any CPU
		{D075B665-BF4F-47E4-8F60-B0B968DBB5B4}.Debug|Any CPU.ActiveCfg = Debug|Any CPU
		{D075B665-BF4F-47E4-8F60-B0B968DBB5B4}.Debug|Any CPU.Build.0 = Debug|Any CPU
		{D075B665-BF4F-47E4-8F60-B0B968DBB5B4}.Debug|x64.ActiveCfg = Debug|Any CPU
		{D075B665-BF4F-47E4-8F60-B0B968DBB5B4}.Debug|x64.Build.0 = Debug|Any CPU
		{D075B665-BF4F-47E4-8F60-B0B968DBB5B4}.Debug|x86.ActiveCfg = Debug|Any CPU
		{D075B665-BF4F-47E4-8F60-B0B968DBB5B4}.Debug|x86.Build.0 = Debug|Any CPU
		{D075B665-BF4F-47E4-8F60-B0B968DBB5B4}.Release|Any CPU.ActiveCfg = Release|Any CPU
		{D075B665-BF4F-47E4-8F60-B0B968DBB5B4}.Release|Any CPU.Build.0 = Release|Any CPU
		{D075B665-BF4F-47E4-8F60-B0B968DBB5B4}.Release|x64.ActiveCfg = Release|Any CPU
		{D075B665-BF4F-47E4-8F60-B0B968DBB5B4}.Release|x64.Build.0 = Release|Any CPU
		{D075B665-BF4F-47E4-8F60-B0B968DBB5B4}.Release|x86.ActiveCfg = Release|Any CPU
		{D075B665-BF4F-47E4-8F60-B0B968DBB5B4}.Release|x86.Build.0 = Release|Any CPU
		{CD270BE9-A720-4DC8-A97E-BED0A226ABDB}.Debug|Any CPU.ActiveCfg = Debug|Any CPU
		{CD270BE9-A720-4DC8-A97E-BED0A226ABDB}.Debug|Any CPU.Build.0 = Debug|Any CPU
		{CD270BE9-A720-4DC8-A97E-BED0A226ABDB}.Debug|x64.ActiveCfg = Debug|Any CPU
		{CD270BE9-A720-4DC8-A97E-BED0A226ABDB}.Debug|x64.Build.0 = Debug|Any CPU
		{CD270BE9-A720-4DC8-A97E-BED0A226ABDB}.Debug|x86.ActiveCfg = Debug|Any CPU
		{CD270BE9-A720-4DC8-A97E-BED0A226ABDB}.Debug|x86.Build.0 = Debug|Any CPU
		{CD270BE9-A720-4DC8-A97E-BED0A226ABDB}.Release|Any CPU.ActiveCfg = Release|Any CPU
		{CD270BE9-A720-4DC8-A97E-BED0A226ABDB}.Release|Any CPU.Build.0 = Release|Any CPU
		{CD270BE9-A720-4DC8-A97E-BED0A226ABDB}.Release|x64.ActiveCfg = Release|Any CPU
		{CD270BE9-A720-4DC8-A97E-BED0A226ABDB}.Release|x64.Build.0 = Release|Any CPU
		{CD270BE9-A720-4DC8-A97E-BED0A226ABDB}.Release|x86.ActiveCfg = Release|Any CPU
		{CD270BE9-A720-4DC8-A97E-BED0A226ABDB}.Release|x86.Build.0 = Release|Any CPU
		{9B714F54-5AB1-40C3-9626-5EB3967E21BF}.Debug|Any CPU.ActiveCfg = Debug|Any CPU
		{9B714F54-5AB1-40C3-9626-5EB3967E21BF}.Debug|Any CPU.Build.0 = Debug|Any CPU
		{9B714F54-5AB1-40C3-9626-5EB3967E21BF}.Debug|x64.ActiveCfg = Debug|Any CPU
		{9B714F54-5AB1-40C3-9626-5EB3967E21BF}.Debug|x64.Build.0 = Debug|Any CPU
		{9B714F54-5AB1-40C3-9626-5EB3967E21BF}.Debug|x86.ActiveCfg = Debug|Any CPU
		{9B714F54-5AB1-40C3-9626-5EB3967E21BF}.Debug|x86.Build.0 = Debug|Any CPU
		{9B714F54-5AB1-40C3-9626-5EB3967E21BF}.Release|Any CPU.ActiveCfg = Release|Any CPU
		{9B714F54-5AB1-40C3-9626-5EB3967E21BF}.Release|Any CPU.Build.0 = Release|Any CPU
		{9B714F54-5AB1-40C3-9626-5EB3967E21BF}.Release|x64.ActiveCfg = Release|Any CPU
		{9B714F54-5AB1-40C3-9626-5EB3967E21BF}.Release|x64.Build.0 = Release|Any CPU
		{9B714F54-5AB1-40C3-9626-5EB3967E21BF}.Release|x86.ActiveCfg = Release|Any CPU
		{9B714F54-5AB1-40C3-9626-5EB3967E21BF}.Release|x86.Build.0 = Release|Any CPU
		{12CEE6FA-3005-4766-BC4C-9CAE3779E800}.Debug|Any CPU.ActiveCfg = Debug|Any CPU
		{12CEE6FA-3005-4766-BC4C-9CAE3779E800}.Debug|Any CPU.Build.0 = Debug|Any CPU
		{12CEE6FA-3005-4766-BC4C-9CAE3779E800}.Debug|x64.ActiveCfg = Debug|Any CPU
		{12CEE6FA-3005-4766-BC4C-9CAE3779E800}.Debug|x64.Build.0 = Debug|Any CPU
		{12CEE6FA-3005-4766-BC4C-9CAE3779E800}.Debug|x86.ActiveCfg = Debug|Any CPU
		{12CEE6FA-3005-4766-BC4C-9CAE3779E800}.Debug|x86.Build.0 = Debug|Any CPU
		{12CEE6FA-3005-4766-BC4C-9CAE3779E800}.Release|Any CPU.ActiveCfg = Release|Any CPU
		{12CEE6FA-3005-4766-BC4C-9CAE3779E800}.Release|Any CPU.Build.0 = Release|Any CPU
		{12CEE6FA-3005-4766-BC4C-9CAE3779E800}.Release|x64.ActiveCfg = Release|Any CPU
		{12CEE6FA-3005-4766-BC4C-9CAE3779E800}.Release|x64.Build.0 = Release|Any CPU
		{12CEE6FA-3005-4766-BC4C-9CAE3779E800}.Release|x86.ActiveCfg = Release|Any CPU
		{12CEE6FA-3005-4766-BC4C-9CAE3779E800}.Release|x86.Build.0 = Release|Any CPU
	EndGlobalSection
	GlobalSection(SolutionProperties) = preSolution
		HideSolutionNode = FALSE
	EndGlobalSection
	GlobalSection(NestedProjects) = preSolution
		{5AC22F2F-9DC8-4C23-812B-B2D0B9A7A088} = {827E0CD3-B72D-47B6-A68D-7590B98EB39B}
		{FD26C0BB-EE77-4321-8618-501BF68E8A6D} = {827E0CD3-B72D-47B6-A68D-7590B98EB39B}
		{60E828B0-17FD-4111-8CE9-6034C7ABEED3} = {827E0CD3-B72D-47B6-A68D-7590B98EB39B}
		{7F5924C3-ACBF-4782-86B0-C0029F594500} = {827E0CD3-B72D-47B6-A68D-7590B98EB39B}
		{A5BF8FAA-7DB1-4039-BFD2-6757373C1AC1} = {827E0CD3-B72D-47B6-A68D-7590B98EB39B}
		{202C096B-1871-4240-A295-9D5FC9F2AE01} = {0AB3BF05-4346-4AA6-1389-037BE0695223}
		{D075B665-BF4F-47E4-8F60-B0B968DBB5B4} = {0AB3BF05-4346-4AA6-1389-037BE0695223}
		{CD270BE9-A720-4DC8-A97E-BED0A226ABDB} = {0AB3BF05-4346-4AA6-1389-037BE0695223}
		{9B714F54-5AB1-40C3-9626-5EB3967E21BF} = {0AB3BF05-4346-4AA6-1389-037BE0695223}
		{12CEE6FA-3005-4766-BC4C-9CAE3779E800} = {0AB3BF05-4346-4AA6-1389-037BE0695223}
	EndGlobalSection
EndGlobal
